
Microsoft Visual Studio Solution File, Format Version 12.00
# Visual Studio 15
VisualStudioVersion = 15.0.26430.16
MinimumVisualStudioVersion = 10.0.40219.1
Project("{FAE04EC0-301F-11D3-BF4B-00C04F79EFBC}") = "wlanedumain", "wlanedumain\wlanedumain.csproj", "{39FBCEE5-88D6-481F-86B0-C7FD266378C1}"
EndProject
Project("{FAE04EC0-301F-11D3-BF4B-00C04F79EFBC}") = "Login", "Login\Login.csproj", "{698865CE-66FE-4A6F-A10C-572E21EF2141}"
EndProject
Project("{2150E333-8FDC-42A3-9474-1A3956D46DE8}") = "Cmdline Mangers", "Cmdline Mangers", "{FCD6F563-446A-4EFA-98E9-82E4E25C770B}"
EndProject
Project("{FAE04EC0-301F-11D3-BF4B-00C04F79EFBC}") = "Logout", "Logout\Logout.csproj", "{C7B05850-EBA7-4B60-9A39-879DA4010240}"
EndProject
Project("{2150E333-8FDC-42A3-9474-1A3956D46DE8}") = "Tools", "Tools", "{3C35A3ED-E401-4A17-94D0-78F23C00EDFE}"
EndProject
Project("{FAE04EC0-301F-11D3-BF4B-00C04F79EFBC}") = "BugReport", "BugReport\BugReport.csproj", "{49E012ED-A8A5-405D-913D-14914E19F26D}"
EndProject
Project("{2150E333-8FDC-42A3-9474-1A3956D46DE8}") = "GUI Manager", "GUI Manager", "{1FE2E626-1C0A-44CF-B7F2-9807899DC9E6}"
EndProject
Project("{FAE04EC0-301F-11D3-BF4B-00C04F79EFBC}") = "ManagerGUI.WPF", "ManagerGUI.WPF\ManagerGUI.WPF.csproj", "{2314D47B-1DD3-42F7-802B-E88426AA6A04}"
EndProject
Project("{FAE04EC0-301F-11D3-BF4B-00C04F79EFBC}") = "ctrllib", "ctrllib\ctrllib.csproj", "{5F62ED31-D8AE-40AE-9BB9-318DC935F6F2}"
EndProject
Project("{FAE04EC0-301F-11D3-BF4B-00C04F79EFBC}") = "ManagerGUI.WinForm", "ManagerGUI.WinForm\ManagerGUI.WinForm.csproj", "{E790653F-EC20-42B6-AB62-5DAE28FE50D8}"
EndProject
Project("{FAE04EC0-301F-11D3-BF4B-00C04F79EFBC}") = "AccountCertificate", "AccountCertificate\AccountCertificate.csproj", "{E5ACED0A-1E95-44E3-9CA7-4E2108206F9B}"
EndProject
Project("{2150E333-8FDC-42A3-9474-1A3956D46DE8}") = "Installer", "Installer", "{94952085-D31F-462A-A41D-D128821ACA3E}"
EndProject
Project("{54435603-DBB4-11D2-8724-00A0C9A8B90C}") = "Wlan-edu Manager Installer", "Wlan-edu Manager Installer\Wlan-edu Manager Installer.vdproj", "{A9284CD8-A8C1-465B-A1A1-4EE33B10C2DD}"
EndProject
Global
	GlobalSection(SolutionConfigurationPlatforms) = preSolution
		Debug|Any CPU = Debug|Any CPU
		Release|Any CPU = Release|Any CPU
	EndGlobalSection
	GlobalSection(ProjectConfigurationPlatforms) = postSolution
		{39FBCEE5-88D6-481F-86B0-C7FD266378C1}.Debug|Any CPU.ActiveCfg = Debug|Any CPU
		{39FBCEE5-88D6-481F-86B0-C7FD266378C1}.Debug|Any CPU.Build.0 = Debug|Any CPU
		{39FBCEE5-88D6-481F-86B0-C7FD266378C1}.Release|Any CPU.ActiveCfg = Release|Any CPU
		{39FBCEE5-88D6-481F-86B0-C7FD266378C1}.Release|Any CPU.Build.0 = Release|Any CPU
		{698865CE-66FE-4A6F-A10C-572E21EF2141}.Debug|Any CPU.ActiveCfg = Debug|Any CPU
		{698865CE-66FE-4A6F-A10C-572E21EF2141}.Debug|Any CPU.Build.0 = Debug|Any CPU
		{698865CE-66FE-4A6F-A10C-572E21EF2141}.Release|Any CPU.ActiveCfg = Release|Any CPU
		{698865CE-66FE-4A6F-A10C-572E21EF2141}.Release|Any CPU.Build.0 = Release|Any CPU
		{C7B05850-EBA7-4B60-9A39-879DA4010240}.Debug|Any CPU.ActiveCfg = Debug|Any CPU
		{C7B05850-EBA7-4B60-9A39-879DA4010240}.Debug|Any CPU.Build.0 = Debug|Any CPU
		{C7B05850-EBA7-4B60-9A39-879DA4010240}.Release|Any CPU.ActiveCfg = Release|Any CPU
		{C7B05850-EBA7-4B60-9A39-879DA4010240}.Release|Any CPU.Build.0 = Release|Any CPU
		{49E012ED-A8A5-405D-913D-14914E19F26D}.Debug|Any CPU.ActiveCfg = Debug|Any CPU
		{49E012ED-A8A5-405D-913D-14914E19F26D}.Debug|Any CPU.Build.0 = Debug|Any CPU
		{49E012ED-A8A5-405D-913D-14914E19F26D}.Release|Any CPU.ActiveCfg = Release|Any CPU
		{49E012ED-A8A5-405D-913D-14914E19F26D}.Release|Any CPU.Build.0 = Release|Any CPU
		{2314D47B-1DD3-42F7-802B-E88426AA6A04}.Debug|Any CPU.ActiveCfg = Debug|Any CPU
		{2314D47B-1DD3-42F7-802B-E88426AA6A04}.Debug|Any CPU.Build.0 = Debug|Any CPU
		{2314D47B-1DD3-42F7-802B-E88426AA6A04}.Release|Any CPU.ActiveCfg = Release|Any CPU
		{2314D47B-1DD3-42F7-802B-E88426AA6A04}.Release|Any CPU.Build.0 = Release|Any CPU
		{5F62ED31-D8AE-40AE-9BB9-318DC935F6F2}.Debug|Any CPU.ActiveCfg = Debug|Any CPU
		{5F62ED31-D8AE-40AE-9BB9-318DC935F6F2}.Debug|Any CPU.Build.0 = Debug|Any CPU
		{5F62ED31-D8AE-40AE-9BB9-318DC935F6F2}.Release|Any CPU.ActiveCfg = Release|Any CPU
		{5F62ED31-D8AE-40AE-9BB9-318DC935F6F2}.Release|Any CPU.Build.0 = Release|Any CPU
		{E790653F-EC20-42B6-AB62-5DAE28FE50D8}.Debug|Any CPU.ActiveCfg = Debug|Any CPU
		{E790653F-EC20-42B6-AB62-5DAE28FE50D8}.Debug|Any CPU.Build.0 = Debug|Any CPU
		{E790653F-EC20-42B6-AB62-5DAE28FE50D8}.Release|Any CPU.ActiveCfg = Release|Any CPU
		{E790653F-EC20-42B6-AB62-5DAE28FE50D8}.Release|Any CPU.Build.0 = Release|Any CPU
		{E5ACED0A-1E95-44E3-9CA7-4E2108206F9B}.Debug|Any CPU.ActiveCfg = Debug|Any CPU
		{E5ACED0A-1E95-44E3-9CA7-4E2108206F9B}.Debug|Any CPU.Build.0 = Debug|Any CPU
		{E5ACED0A-1E95-44E3-9CA7-4E2108206F9B}.Release|Any CPU.ActiveCfg = Release|Any CPU
		{E5ACED0A-1E95-44E3-9CA7-4E2108206F9B}.Release|Any CPU.Build.0 = Release|Any CPU
		{A9284CD8-A8C1-465B-A1A1-4EE33B10C2DD}.Debug|Any CPU.ActiveCfg = Debug
		{A9284CD8-A8C1-465B-A1A1-4EE33B10C2DD}.Release|Any CPU.ActiveCfg = Release
	EndGlobalSection
	GlobalSection(SolutionProperties) = preSolution
		HideSolutionNode = FALSE
	EndGlobalSection
	GlobalSection(NestedProjects) = preSolution
		{698865CE-66FE-4A6F-A10C-572E21EF2141} = {FCD6F563-446A-4EFA-98E9-82E4E25C770B}
		{C7B05850-EBA7-4B60-9A39-879DA4010240} = {FCD6F563-446A-4EFA-98E9-82E4E25C770B}
		{49E012ED-A8A5-405D-913D-14914E19F26D} = {3C35A3ED-E401-4A17-94D0-78F23C00EDFE}
		{2314D47B-1DD3-42F7-802B-E88426AA6A04} = {1FE2E626-1C0A-44CF-B7F2-9807899DC9E6}
		{5F62ED31-D8AE-40AE-9BB9-318DC935F6F2} = {1FE2E626-1C0A-44CF-B7F2-9807899DC9E6}
		{E790653F-EC20-42B6-AB62-5DAE28FE50D8} = {1FE2E626-1C0A-44CF-B7F2-9807899DC9E6}
		{E5ACED0A-1E95-44E3-9CA7-4E2108206F9B} = {3C35A3ED-E401-4A17-94D0-78F23C00EDFE}
		{A9284CD8-A8C1-465B-A1A1-4EE33B10C2DD} = {94952085-D31F-462A-A41D-D128821ACA3E}
	EndGlobalSection
EndGlobal
